Microsoft Visual Studio Solution File, Format Version 12.00
# Visual Studio Version 17
VisualStudioVersion = 17.5.2.0
MinimumVisualStudioVersion = 10.0.40219.1
Project("{FAE04EC0-301F-11D3-BF4B-00C04F79EFBC}") = "GotHome", "GotHome.csproj", "{7F3E36CD-E4BD-BBFA-C006-B162C3C3E00F}"
EndProject
Global
	GlobalSection(SolutionConfigurationPlatforms) = preSolution
		Debug|Any CPU = Debug|Any CPU
		Release|Any CPU = Release|Any CPU
	EndGlobalSection
	GlobalSection(ProjectConfigurationPlatforms) = postSolution
		{7F3E36CD-E4BD-BBFA-C006-B162C3C3E00F}.Debug|Any CPU.ActiveCfg = Debug|Any CPU
		{7F3E36CD-E4BD-BBFA-C006-B162C3C3E00F}.Debug|Any CPU.Build.0 = Debug|Any CPU
		{7F3E36CD-E4BD-BBFA-C006-B162C3C3E00F}.Release|Any CPU.ActiveCfg = Release|Any CPU
		{7F3E36CD-E4BD-BBFA-C006-B162C3C3E00F}.Release|Any CPU.Build.0 = Release|Any CPU
	EndGlobalSection
	GlobalSection(SolutionProperties) = preSolution
		HideSolutionNode = FALSE
	EndGlobalSection
	GlobalSection(ExtensibilityGlobals) = postSolution
		SolutionGuid = {007FBA02-63D9-43FA-9B12-6ECCFA3974E5}
	EndGlobalSection
EndGlobal
